// !$*UTF8*$!
{
	archiveVersion = 1;
	classes = {
	};
	objectVersion = 52;
	objects = {

/* Begin PBXBuildFile section */
		F14395EB2626E6E100C33E55 /* AppDelegate.swift in Sources */ = {isa = PBXBuildFile; fileRef = F14395EA2626E6E100C33E55 /* AppDelegate.swift */; };
		F14395ED2626E6E100C33E55 /* SceneDelegate.swift in Sources */ = {isa = PBXBuildFile; fileRef = F14395EC2626E6E100C33E55 /* SceneDelegate.swift */; };
		F14395EF2626E6E100C33E55 /* ViewController.swift in Sources */ = {isa = PBXBuildFile; fileRef = F14395EE2626E6E100C33E55 /* ViewController.swift */; };
		F14395F22626E6E100C33E55 /* Main.storyboard in Resources */ = {isa = PBXBuildFile; fileRef = F14395F02626E6E100C33E55 /* Main.storyboard */; };
		F14395F42626E6E400C33E55 /* Assets.xcassets in Resources */ = {isa = PBXBuildFile; fileRef = F14395F32626E6E400C33E55 /* Assets.xcassets */; };
		F14395F72626E6E400C33E55 /* LaunchScreen.storyboard in Resources */ = {isa = PBXBuildFile; fileRef = F14395F52626E6E400C33E55 /* LaunchScreen.storyboard */; };
		F14396012626EC1600C33E55 /* Alamofire in Frameworks */ = {isa = PBXBuildFile; productRef = F14396002626EC1600C33E55 /* Alamofire */; };
		F14396052626EC3000C33E55 /* Rswift in Frameworks */ = {isa = PBXBuildFile; productRef = F14396042626EC3000C33E55 /* Rswift */; };
		F14396092626EC4800C33E55 /* SDWebImage in Frameworks */ = {isa = PBXBuildFile; productRef = F14396082626EC4800C33E55 /* SDWebImage */; };
		F143960D2626EC6200C33E55 /* RxSwift in Frameworks */ = {isa = PBXBuildFile; productRef = F143960C2626EC6200C33E55 /* RxSwift */; };
		F143960F2626EC6200C33E55 /* RxCocoa in Frameworks */ = {isa = PBXBuildFile; productRef = F143960E2626EC6200C33E55 /* RxCocoa */; };
		F14396132626ECB300C33E55 /* FittedSheets in Frameworks */ = {isa = PBXBuildFile; productRef = F14396122626ECB300C33E55 /* FittedSheets */; };
		F143961A26270C6E00C33E55 /* R.generated.swift in Sources */ = {isa = PBXBuildFile; fileRef = F143961926270C6E00C33E55 /* R.generated.swift */; };
		F143961D26270CD100C33E55 /* MerchDetaile.storyboard in Resources */ = {isa = PBXBuildFile; fileRef = F143961C26270CD100C33E55 /* MerchDetaile.storyboard */; };
		F1439625262710C900C33E55 /* CollectionCellConfigurator.swift in Sources */ = {isa = PBXBuildFile; fileRef = F1439624262710C900C33E55 /* CollectionCellConfigurator.swift */; };
		F143962A262710FA00C33E55 /* Configurable.swift in Sources */ = {isa = PBXBuildFile; fileRef = F1439629262710FA00C33E55 /* Configurable.swift */; };
		F143962E2627112300C33E55 /* TableCellConfigurator.swift in Sources */ = {isa = PBXBuildFile; fileRef = F143962D2627112300C33E55 /* TableCellConfigurator.swift */; };
		F1439632262711D100C33E55 /* CellConfigurator.swift in Sources */ = {isa = PBXBuildFile; fileRef = F1439631262711D100C33E55 /* CellConfigurator.swift */; };
		F14396362627128200C33E55 /* Message.swift in Sources */ = {isa = PBXBuildFile; fileRef = F14396352627128200C33E55 /* Message.swift */; };
		F1439639262712E600C33E55 /* Server.swift in Sources */ = {isa = PBXBuildFile; fileRef = F1439638262712E600C33E55 /* Server.swift */; };
		F143963C262712FE00C33E55 /* EndpointProtocol.swift in Sources */ = {isa = PBXBuildFile; fileRef = F143963B262712FE00C33E55 /* EndpointProtocol.swift */; };
		F143963F2627135900C33E55 /* NetworkingError.swift in Sources */ = {isa = PBXBuildFile; fileRef = F143963E2627135900C33E55 /* NetworkingError.swift */; };
		F1439642262713A200C33E55 /* NetworkLayer.swift in Sources */ = {isa = PBXBuildFile; fileRef = F1439641262713A200C33E55 /* NetworkLayer.swift */; };
		F14396462627146700C33E55 /* SessionManagerAndRequest.swift in Sources */ = {isa = PBXBuildFile; fileRef = F14396452627146700C33E55 /* SessionManagerAndRequest.swift */; };
		F143964B262715FF00C33E55 /* Decoding.swift in Sources */ = {isa = PBXBuildFile; fileRef = F143964A262715FF00C33E55 /* Decoding.swift */; };
		F14396502627171E00C33E55 /* MainEndpoint.swift in Sources */ = {isa = PBXBuildFile; fileRef = F143964F2627171E00C33E55 /* MainEndpoint.swift */; };
		F1439654262717A000C33E55 /* MainService.swift in Sources */ = {isa = PBXBuildFile; fileRef = F1439653262717A000C33E55 /* MainService.swift */; };
		F143965A2627182900C33E55 /* MainModel.swift in Sources */ = {isa = PBXBuildFile; fileRef = F14396592627182900C33E55 /* MainModel.swift */; };
		F143965D2627196600C33E55 /* MainInteractor.swift in Sources */ = {isa = PBXBuildFile; fileRef = F143965C2627196600C33E55 /* MainInteractor.swift */; };
		F143966026271C5E00C33E55 /* DataConverter.swift in Sources */ = {isa = PBXBuildFile; fileRef = F143965F26271C5E00C33E55 /* DataConverter.swift */; };
		F143966326271CD000C33E55 /* TableMainViewModel.swift in Sources */ = {isa = PBXBuildFile; fileRef = F143966226271CD000C33E55 /* TableMainViewModel.swift */; };
		F143966A26272E1A00C33E55 /* MainEventCell.swift in Sources */ = {isa = PBXBuildFile; fileRef = F143966926272E1A00C33E55 /* MainEventCell.swift */; };
		F143966E26272E3900C33E55 /* FighterCell.swift in Sources */ = {isa = PBXBuildFile; fileRef = F143966D26272E3900C33E55 /* FighterCell.swift */; };
		F143967126272E4C00C33E55 /* LastEventCell.swift in Sources */ = {isa = PBXBuildFile; fileRef = F143967026272E4C00C33E55 /* LastEventCell.swift */; };
		F143967426272ECB00C33E55 /* MerchCell.swift in Sources */ = {isa = PBXBuildFile; fileRef = F143967326272ECB00C33E55 /* MerchCell.swift */; };
		F143967A2627321800C33E55 /* FighterCVCell.swift in Sources */ = {isa = PBXBuildFile; fileRef = F14396792627321800C33E55 /* FighterCVCell.swift */; };
		F143967E262734D400C33E55 /* LastEventCVCell.swift in Sources */ = {isa = PBXBuildFile; fileRef = F143967D262734D400C33E55 /* LastEventCVCell.swift */; };
		F1439681262734EA00C33E55 /* MerchCVCell.swift in Sources */ = {isa = PBXBuildFile; fileRef = F1439680262734EA00C33E55 /* MerchCVCell.swift */; };
		F143968626274DFE00C33E55 /* HelperFunctions.swift in Sources */ = {isa = PBXBuildFile; fileRef = F143968526274DFE00C33E55 /* HelperFunctions.swift */; };
		F16399B126296E3C0083BEFC /* MainRouter.swift in Sources */ = {isa = PBXBuildFile; fileRef = F16399B026296E3C0083BEFC /* MainRouter.swift */; };
		F16399B5262970090083BEFC /* MainPresenter.swift in Sources */ = {isa = PBXBuildFile; fileRef = F16399B4262970090083BEFC /* MainPresenter.swift */; };
		F16399B8262970870083BEFC /* ViewOutput.swift in Sources */ = {isa = PBXBuildFile; fileRef = F16399B7262970870083BEFC /* ViewOutput.swift */; };
		F16399BD26297CDA0083BEFC /* CVDataConverterInput.swift in Sources */ = {isa = PBXBuildFile; fileRef = F16399BC26297CDA0083BEFC /* CVDataConverterInput.swift */; };
		F16399C1262994120083BEFC /* MainTVManager.swift in Sources */ = {isa = PBXBuildFile; fileRef = F16399C0262994120083BEFC /* MainTVManager.swift */; };
		F1D3CAC52628AC0F00ECE513 /* FighterCVDataConverter.swift in Sources */ = {isa = PBXBuildFile; fileRef = F1D3CAC42628AC0F00ECE513 /* FighterCVDataConverter.swift */; };
		F1D3CAC82628AC2700ECE513 /* LastEventCVDataConverter.swift in Sources */ = {isa = PBXBuildFile; fileRef = F1D3CAC72628AC2700ECE513 /* LastEventCVDataConverter.swift */; };
		F1D3CACB2628AC3A00ECE513 /* MerchCVDataConverter.swift in Sources */ = {isa = PBXBuildFile; fileRef = F1D3CACA2628AC3A00ECE513 /* MerchCVDataConverter.swift */; };
		F1D3CACE2628B41700ECE513 /* CollectionMainViewModel.swift in Sources */ = {isa = PBXBuildFile; fileRef = F1D3CACD2628B41700ECE513 /* CollectionMainViewModel.swift */; };
/* End PBXBuildFile section */

/* Begin PBXFileReference section */
		F14395E72626E6E100C33E55 /* ViperStart.app */ = {isa = PBXFileReference; explicitFileType = wrapper.application; includeInIndex = 0; path = ViperStart.app; sourceTree = BUILT_PRODUCTS_DIR; };
		F14395EA2626E6E100C33E55 /* AppDelegate.swift */ = {isa = PBXFileReference; lastKnownFileType = sourcecode.swift; path = AppDelegate.swift; sourceTree = "<group>"; };
		F14395EC2626E6E100C33E55 /* SceneDelegate.swift */ = {isa = PBXFileReference; lastKnownFileType = sourcecode.swift; path = SceneDelegate.swift; sourceTree = "<group>"; };
		F14395EE2626E6E100C33E55 /* ViewController.swift */ = {isa = PBXFileReference; lastKnownFileType = sourcecode.swift; path = ViewController.swift; sourceTree = "<group>"; };
		F14395F12626E6E100C33E55 /* Base */ = {isa = PBXFileReference; lastKnownFileType = file.storyboard; name = Base; path = Base.lproj/Main.storyboard; sourceTree = "<group>"; };
		F14395F32626E6E400C33E55 /* Assets.xcassets */ = {isa = PBXFileReference; lastKnownFileType = folder.assetcatalog; path = Assets.xcassets; sourceTree = "<group>"; };
		F14395F62626E6E400C33E55 /* Base */ = {isa = PBXFileReference; lastKnownFileType = file.storyboard; name = Base; path = Base.lproj/LaunchScreen.storyboard; sourceTree = "<group>"; };
		F14395F82626E6E400C33E55 /* Info.plist */ = {isa = PBXFileReference; lastKnownFileType = text.plist.xml; path = Info.plist; sourceTree = "<group>"; };
		F143961926270C6E00C33E55 /* R.generated.swift */ = {isa = PBXFileReference; fileEncoding = 4; lastKnownFileType = sourcecode.swift; path = R.generated.swift; sourceTree = SOURCE_ROOT; };
		F143961C26270CD100C33E55 /* MerchDetaile.storyboard */ = {isa = PBXFileReference; lastKnownFileType = file.storyboard; path = MerchDetaile.storyboard; sourceTree = "<group>"; };
		F1439624262710C900C33E55 /* CollectionCellConfigurator.swift */ = {isa = PBXFileReference; lastKnownFileType = sourcecode.swift; path = CollectionCellConfigurator.swift; sourceTree = "<group>"; };
		F1439629262710FA00C33E55 /* Configurable.swift */ = {isa = PBXFileReference; lastKnownFileType = sourcecode.swift; path = Configurable.swift; sourceTree = "<group>"; };
		F143962D2627112300C33E55 /* TableCellConfigurator.swift */ = {isa = PBXFileReference; lastKnownFileType = sourcecode.swift; path = TableCellConfigurator.swift; sourceTree = "<group>"; };
		F1439631262711D100C33E55 /* CellConfigurator.swift */ = {isa = PBXFileReference; lastKnownFileType = sourcecode.swift; path = CellConfigurator.swift; sourceTree = "<group>"; };
		F14396352627128200C33E55 /* Message.swift */ = {isa = PBXFileReference; lastKnownFileType = sourcecode.swift; path = Message.swift; sourceTree = "<group>"; };
		F1439638262712E600C33E55 /* Server.swift */ = {isa = PBXFileReference; lastKnownFileType = sourcecode.swift; path = Server.swift; sourceTree = "<group>"; };
		F143963B262712FE00C33E55 /* EndpointProtocol.swift */ = {isa = PBXFileReference; lastKnownFileType = sourcecode.swift; path = EndpointProtocol.swift; sourceTree = "<group>"; };
		F143963E2627135900C33E55 /* NetworkingError.swift */ = {isa = PBXFileReference; lastKnownFileType = sourcecode.swift; path = NetworkingError.swift; sourceTree = "<group>"; };
		F1439641262713A200C33E55 /* NetworkLayer.swift */ = {isa = PBXFileReference; lastKnownFileType = sourcecode.swift; path = NetworkLayer.swift; sourceTree = "<group>"; };
		F14396452627146700C33E55 /* SessionManagerAndRequest.swift */ = {isa = PBXFileReference; lastKnownFileType = sourcecode.swift; path = SessionManagerAndRequest.swift; sourceTree = "<group>"; };
		F143964A262715FF00C33E55 /* Decoding.swift */ = {isa = PBXFileReference; lastKnownFileType = sourcecode.swift; path = Decoding.swift; sourceTree = "<group>"; };
		F143964F2627171E00C33E55 /* MainEndpoint.swift */ = {isa = PBXFileReference; lastKnownFileType = sourcecode.swift; path = MainEndpoint.swift; sourceTree = "<group>"; };
		F1439653262717A000C33E55 /* MainService.swift */ = {isa = PBXFileReference; lastKnownFileType = sourcecode.swift; path = MainService.swift; sourceTree = "<group>"; };
		F14396592627182900C33E55 /* MainModel.swift */ = {isa = PBXFileReference; lastKnownFileType = sourcecode.swift; path = MainModel.swift; sourceTree = "<group>"; };
		F143965C2627196600C33E55 /* MainInteractor.swift */ = {isa = PBXFileReference; lastKnownFileType = sourcecode.swift; path = MainInteractor.swift; sourceTree = "<group>"; };
		F143965F26271C5E00C33E55 /* DataConverter.swift */ = {isa = PBXFileReference; lastKnownFileType = sourcecode.swift; path = DataConverter.swift; sourceTree = "<group>"; };
		F143966226271CD000C33E55 /* TableMainViewModel.swift */ = {isa = PBXFileReference; lastKnownFileType = sourcecode.swift; path = TableMainViewModel.swift; sourceTree = "<group>"; };
		F143966926272E1A00C33E55 /* MainEventCell.swift */ = {isa = PBXFileReference; lastKnownFileType = sourcecode.swift; path = MainEventCell.swift; sourceTree = "<group>"; };
		F143966D26272E3900C33E55 /* FighterCell.swift */ = {isa = PBXFileReference; lastKnownFileType = sourcecode.swift; path = FighterCell.swift; sourceTree = "<group>"; };
		F143967026272E4C00C33E55 /* LastEventCell.swift */ = {isa = PBXFileReference; lastKnownFileType = sourcecode.swift; path = LastEventCell.swift; sourceTree = "<group>"; };
		F143967326272ECB00C33E55 /* MerchCell.swift */ = {isa = PBXFileReference; lastKnownFileType = sourcecode.swift; path = MerchCell.swift; sourceTree = "<group>"; };
		F14396792627321800C33E55 /* FighterCVCell.swift */ = {isa = PBXFileReference; lastKnownFileType = sourcecode.swift; path = FighterCVCell.swift; sourceTree = "<group>"; };
		F143967D262734D400C33E55 /* LastEventCVCell.swift */ = {isa = PBXFileReference; lastKnownFileType = sourcecode.swift; path = LastEventCVCell.swift; sourceTree = "<group>"; };
		F1439680262734EA00C33E55 /* MerchCVCell.swift */ = {isa = PBXFileReference; lastKnownFileType = sourcecode.swift; path = MerchCVCell.swift; sourceTree = "<group>"; };
		F143968526274DFE00C33E55 /* HelperFunctions.swift */ = {isa = PBXFileReference; lastKnownFileType = sourcecode.swift; path = HelperFunctions.swift; sourceTree = "<group>"; };
		F16399B026296E3C0083BEFC /* MainRouter.swift */ = {isa = PBXFileReference; lastKnownFileType = sourcecode.swift; path = MainRouter.swift; sourceTree = "<group>"; };
		F16399B4262970090083BEFC /* MainPresenter.swift */ = {isa = PBXFileReference; lastKnownFileType = sourcecode.swift; path = MainPresenter.swift; sourceTree = "<group>"; };
		F16399B7262970870083BEFC /* ViewOutput.swift */ = {isa = PBXFileReference; lastKnownFileType = sourcecode.swift; path = ViewOutput.swift; sourceTree = "<group>"; };
		F16399BC26297CDA0083BEFC /* CVDataConverterInput.swift */ = {isa = PBXFileReference; lastKnownFileType = sourcecode.swift; path = CVDataConverterInput.swift; sourceTree = "<group>"; };
		F16399C0262994120083BEFC /* MainTVManager.swift */ = {isa = PBXFileReference; lastKnownFileType = sourcecode.swift; path = MainTVManager.swift; sourceTree = "<group>"; };
		F1D3CAC42628AC0F00ECE513 /* FighterCVDataConverter.swift */ = {isa = PBXFileReference; lastKnownFileType = sourcecode.swift; path = FighterCVDataConverter.swift; sourceTree = "<group>"; };
		F1D3CAC72628AC2700ECE513 /* LastEventCVDataConverter.swift */ = {isa = PBXFileReference; lastKnownFileType = sourcecode.swift; path = LastEventCVDataConverter.swift; sourceTree = "<group>"; };
		F1D3CACA2628AC3A00ECE513 /* MerchCVDataConverter.swift */ = {isa = PBXFileReference; lastKnownFileType = sourcecode.swift; path = MerchCVDataConverter.swift; sourceTree = "<group>"; };
		F1D3CACD2628B41700ECE513 /* CollectionMainViewModel.swift */ = {isa = PBXFileReference; lastKnownFileType = sourcecode.swift; path = CollectionMainViewModel.swift; sourceTree = "<group>"; };
/* End PBXFileReference section */

/* Begin PBXFrameworksBuildPhase section */
		F14395E42626E6E100C33E55 /* Frameworks */ = {
			isa = PBXFrameworksBuildPhase;
			buildActionMask = 2147483647;
			files = (
				F14396092626EC4800C33E55 /* SDWebImage in Frameworks */,
				F14396012626EC1600C33E55 /* Alamofire in Frameworks */,
				F143960F2626EC6200C33E55 /* RxCocoa in Frameworks */,
				F143960D2626EC6200C33E55 /* RxSwift in Frameworks */,
				F14396132626ECB300C33E55 /* FittedSheets in Frameworks */,
				F14396052626EC3000C33E55 /* Rswift in Frameworks */,
			);
			runOnlyForDeploymentPostprocessing = 0;
		};
/* End PBXFrameworksBuildPhase section */

/* Begin PBXGroup section */
		F14395DE2626E6E100C33E55 = {
			isa = PBXGroup;
			children = (
				F14395E92626E6E100C33E55 /* ViperStart */,
				F14395E82626E6E100C33E55 /* Products */,
			);
			sourceTree = "<group>";
		};
		F14395E82626E6E100C33E55 /* Products */ = {
			isa = PBXGroup;
			children = (
				F14395E72626E6E100C33E55 /* ViperStart.app */,
			);
			name = Products;
			sourceTree = "<group>";
		};
		F14395E92626E6E100C33E55 /* ViperStart */ = {
			isa = PBXGroup;
			children = (
				F14395EA2626E6E100C33E55 /* AppDelegate.swift */,
				F143961926270C6E00C33E55 /* R.generated.swift */,
				F14395EC2626E6E100C33E55 /* SceneDelegate.swift */,
				F1439623262710A100C33E55 /* Core */,
				F143962126270E4700C33E55 /* Helpers */,
				F143962026270DD600C33E55 /* WebService */,
				F143961F26270DC300C33E55 /* Module */,
				F14396442627142800C33E55 /* Extension */,
				F14395F32626E6E400C33E55 /* Assets.xcassets */,
				F14395F52626E6E400C33E55 /* LaunchScreen.storyboard */,
				F14395F82626E6E400C33E55 /* Info.plist */,
			);
			path = ViperStart;
			sourceTree = "<group>";
		};
		F143961F26270DC300C33E55 /* Module */ = {
			isa = PBXGroup;
			children = (
				F1439658262717F300C33E55 /* MerchModule */,
				F1439657262717DE00C33E55 /* MainModule */,
			);
			path = Module;
			sourceTree = "<group>";
		};
		F143962026270DD600C33E55 /* WebService */ = {
			isa = PBXGroup;
			children = (
				F143964E262716D800C33E55 /* MainServices */,
				F1439649262714A900C33E55 /* NetworkingConfig */,
			);
			path = WebService;
			sourceTree = "<group>";
		};
		F143962126270E4700C33E55 /* Helpers */ = {
			isa = PBXGroup;
			children = (
				F143962226270E5300C33E55 /* Constants */,
				F16399BA262970940083BEFC /* Protocol */,
			);
			path = Helpers;
			sourceTree = "<group>";
		};
		F143962226270E5300C33E55 /* Constants */ = {
			isa = PBXGroup;
			children = (
			);
			path = Constants;
			sourceTree = "<group>";
		};
		F1439623262710A100C33E55 /* Core */ = {
			isa = PBXGroup;
			children = (
				F1439628262710DA00C33E55 /* CellConfigurator */,
			);
			path = Core;
			sourceTree = "<group>";
		};
		F1439628262710DA00C33E55 /* CellConfigurator */ = {
			isa = PBXGroup;
			children = (
				F1439624262710C900C33E55 /* CollectionCellConfigurator.swift */,
				F143962D2627112300C33E55 /* TableCellConfigurator.swift */,
				F1439631262711D100C33E55 /* CellConfigurator.swift */,
				F1439629262710FA00C33E55 /* Configurable.swift */,
			);
			path = CellConfigurator;
			sourceTree = "<group>";
		};
		F14396442627142800C33E55 /* Extension */ = {
			isa = PBXGroup;
			children = (
				F14396452627146700C33E55 /* SessionManagerAndRequest.swift */,
				F143964A262715FF00C33E55 /* Decoding.swift */,
				F143968526274DFE00C33E55 /* HelperFunctions.swift */,
			);
			path = Extension;
			sourceTree = "<group>";
		};
		F1439649262714A900C33E55 /* NetworkingConfig */ = {
			isa = PBXGroup;
			children = (
				F1439638262712E600C33E55 /* Server.swift */,
				F143963B262712FE00C33E55 /* EndpointProtocol.swift */,
				F143963E2627135900C33E55 /* NetworkingError.swift */,
				F14396352627128200C33E55 /* Message.swift */,
				F1439641262713A200C33E55 /* NetworkLayer.swift */,
			);
			path = NetworkingConfig;
			sourceTree = "<group>";
		};
		F143964E262716D800C33E55 /* MainServices */ = {
			isa = PBXGroup;
			children = (
				F143964F2627171E00C33E55 /* MainEndpoint.swift */,
				F1439653262717A000C33E55 /* MainService.swift */,
			);
			path = MainServices;
			sourceTree = "<group>";
		};
		F1439657262717DE00C33E55 /* MainModule */ = {
			isa = PBXGroup;
			children = (
				F16399AF26296E180083BEFC /* Wireframe */,
				F1439683262740BC00C33E55 /* View */,
				F143966526271CF900C33E55 /* Model */,
				F1D3CAC32628ABA200ECE513 /* Interactor */,
				F1D3CAC02628AB6D00ECE513 /* Presenter */,
			);
			path = MainModule;
			sourceTree = "<group>";
		};
		F1439658262717F300C33E55 /* MerchModule */ = {
			isa = PBXGroup;
			children = (
				F143961C26270CD100C33E55 /* MerchDetaile.storyboard */,
			);
			path = MerchModule;
			sourceTree = "<group>";
		};
		F143966526271CF900C33E55 /* Model */ = {
			isa = PBXGroup;
			children = (
				F14396592627182900C33E55 /* MainModel.swift */,
				F143966226271CD000C33E55 /* TableMainViewModel.swift */,
				F1D3CACD2628B41700ECE513 /* CollectionMainViewModel.swift */,
			);
			path = Model;
			sourceTree = "<group>";
		};
		F143966826272DCD00C33E55 /* TVCells */ = {
			isa = PBXGroup;
			children = (
				F143966926272E1A00C33E55 /* MainEventCell.swift */,
				F143966D26272E3900C33E55 /* FighterCell.swift */,
				F143967026272E4C00C33E55 /* LastEventCell.swift */,
				F143967326272ECB00C33E55 /* MerchCell.swift */,
			);
			path = TVCells;
			sourceTree = "<group>";
		};
		F14396772627310700C33E55 /* CVCells */ = {
			isa = PBXGroup;
			children = (
				F14396792627321800C33E55 /* FighterCVCell.swift */,
				F143967D262734D400C33E55 /* LastEventCVCell.swift */,
				F1439680262734EA00C33E55 /* MerchCVCell.swift */,
			);
			path = CVCells;
			sourceTree = "<group>";
		};
		F1439683262740BC00C33E55 /* View */ = {
			isa = PBXGroup;
			children = (
				F14395F02626E6E100C33E55 /* Main.storyboard */,
				F14395EE2626E6E100C33E55 /* ViewController.swift */,
				F14396772627310700C33E55 /* CVCells */,
				F143966826272DCD00C33E55 /* TVCells */,
				F16399C3262998200083BEFC /* MainTVManager */,
			);
			path = View;
			sourceTree = "<group>";
		};
		F16399AF26296E180083BEFC /* Wireframe */ = {
			isa = PBXGroup;
			children = (
				F16399B026296E3C0083BEFC /* MainRouter.swift */,
			);
			path = Wireframe;
			sourceTree = "<group>";
		};
		F16399BA262970940083BEFC /* Protocol */ = {
			isa = PBXGroup;
			children = (
				F16399B7262970870083BEFC /* ViewOutput.swift */,
			);
			path = Protocol;
			sourceTree = "<group>";
		};
		F16399C3262998200083BEFC /* MainTVManager */ = {
			isa = PBXGroup;
			children = (
				F16399C0262994120083BEFC /* MainTVManager.swift */,
			);
			path = MainTVManager;
			sourceTree = "<group>";
		};
		F1D3CAC02628AB6D00ECE513 /* Presenter */ = {
			isa = PBXGroup;
			children = (
				F1D3CAC22628AB8C00ECE513 /* CVDataConverter */,
				F1D3CAC12628AB7D00ECE513 /* TVDataConverter */,
				F16399B4262970090083BEFC /* MainPresenter.swift */,
			);
			name = Presenter;
			sourceTree = "<group>";
		};
		F1D3CAC12628AB7D00ECE513 /* TVDataConverter */ = {
			isa = PBXGroup;
			children = (
				F143965F26271C5E00C33E55 /* DataConverter.swift */,
			);
			name = TVDataConverter;
			sourceTree = "<group>";
		};
		F1D3CAC22628AB8C00ECE513 /* CVDataConverter */ = {
			isa = PBXGroup;
			children = (
				F16399BC26297CDA0083BEFC /* CVDataConverterInput.swift */,
				F1D3CAC42628AC0F00ECE513 /* FighterCVDataConverter.swift */,
				F1D3CAC72628AC2700ECE513 /* LastEventCVDataConverter.swift */,
				F1D3CACA2628AC3A00ECE513 /* MerchCVDataConverter.swift */,
			);
			name = CVDataConverter;
			sourceTree = "<group>";
		};
		F1D3CAC32628ABA200ECE513 /* Interactor */ = {
			isa = PBXGroup;
			children = (
				F143965C2627196600C33E55 /* MainInteractor.swift */,
			);
			path = Interactor;
			sourceTree = "<group>";
		};
/* End PBXGroup section */

/* Begin PBXNativeTarget section */
		F14395E62626E6E100C33E55 /* ViperStart */ = {
			isa = PBXNativeTarget;
			buildConfigurationList = F14395FB2626E6E400C33E55 /* Build configuration list for PBXNativeTarget "ViperStart" */;
			buildPhases = (
				F14396152627037500C33E55 /* ShellScript */,
				F14395E32626E6E100C33E55 /* Sources */,
				F14395E42626E6E100C33E55 /* Frameworks */,
				F14395E52626E6E100C33E55 /* Resources */,
			);
			buildRules = (
			);
			dependencies = (
			);
			name = ViperStart;
			packageProductDependencies = (
				F14396002626EC1600C33E55 /* Alamofire */,
				F14396042626EC3000C33E55 /* Rswift */,
				F14396082626EC4800C33E55 /* SDWebImage */,
				F143960C2626EC6200C33E55 /* RxSwift */,
				F143960E2626EC6200C33E55 /* RxCocoa */,
				F14396122626ECB300C33E55 /* FittedSheets */,
			);
			productName = ViperStart;
			productReference = F14395E72626E6E100C33E55 /* ViperStart.app */;
			productType = "com.apple.product-type.application";
		};
/* End PBXNativeTarget section */

/* Begin PBXProject section */
		F14395DF2626E6E100C33E55 /* Project object */ = {
			isa = PBXProject;
			attributes = {
				LastSwiftUpdateCheck = 1240;
				LastUpgradeCheck = 1240;
				TargetAttributes = {
					F14395E62626E6E100C33E55 = {
						CreatedOnToolsVersion = 12.4;
					};
				};
			};
			buildConfigurationList = F14395E22626E6E100C33E55 /* Build configuration list for PBXProject "ViperStart" */;
			compatibilityVersion = "Xcode 9.3";
			developmentRegion = en;
			hasScannedForEncodings = 0;
			knownRegions = (
				en,
				Base,
			);
			mainGroup = F14395DE2626E6E100C33E55;
			packageReferences = (
				F14395FF2626EC1600C33E55 /* XCRemoteSwiftPackageReference "Alamofire" */,
				F14396032626EC3000C33E55 /* XCRemoteSwiftPackageReference "R.swift" */,
				F14396072626EC4800C33E55 /* XCRemoteSwiftPackageReference "SDWebImage" */,
				F143960B2626EC6200C33E55 /* XCRemoteSwiftPackageReference "RxSwift" */,
				F14396112626ECB300C33E55 /* XCRemoteSwiftPackageReference "FittedSheets" */,
			);
			productRefGroup = F14395E82626E6E100C33E55 /* Products */;
			projectDirPath = "";
			projectRoot = "";
			targets = (
				F14395E62626E6E100C33E55 /* ViperStart */,
			);
		};
/* End PBXProject section */

/* Begin PBXResourcesBuildPhase section */
		F14395E52626E6E100C33E55 /* Resources */ = {
			isa = PBXResourcesBuildPhase;
			buildActionMask = 2147483647;
			files = (
				F14395F72626E6E400C33E55 /* LaunchScreen.storyboard in Resources */,
				F143961D26270CD100C33E55 /* MerchDetaile.storyboard in Resources */,
				F14395F42626E6E400C33E55 /* Assets.xcassets in Resources */,
				F14395F22626E6E100C33E55 /* Main.storyboard in Resources */,
			);
			runOnlyForDeploymentPostprocessing = 0;
		};
/* End PBXResourcesBuildPhase section */

/* Begin PBXShellScriptBuildPhase section */
		F14396152627037500C33E55 /* ShellScript */ = {
			isa = PBXShellScriptBuildPhase;
			buildActionMask = 2147483647;
			files = (
			);
			inputFileListPaths = (
			);
			inputPaths = (
				"$TEMP_DIR/rswift-lastrun",
			);
			outputFileListPaths = (
			);
			outputPaths = (
				$SRCROOT/R.generated.swift,
			);
			runOnlyForDeploymentPostprocessing = 0;
			shellPath = /bin/sh;
			shellScript = "cd BuildTools\nSDKROOT=macosx\n# swift run -c release rswift generate \"$SRCROOT/R.generated.swift\"\n# default code makes error about info.plist\nswift run -c release rswift generate --generators image,string,color,file,font,nib,segue,storyboard,reuseIdentifier,entitlements,id \"$SRCROOT/R.generated.swift\"\n";
		};
/* End PBXShellScriptBuildPhase section */

/* Begin PBXSourcesBuildPhase section */
		F14395E32626E6E100C33E55 /* Sources */ = {
			isa = PBXSourcesBuildPhase;
			buildActionMask = 2147483647;
			files = (
				F1D3CAC82628AC2700ECE513 /* LastEventCVDataConverter.swift in Sources */,
				F1439639262712E600C33E55 /* Server.swift in Sources */,
				F143962A262710FA00C33E55 /* Configurable.swift in Sources */,
				F16399B126296E3C0083BEFC /* MainRouter.swift in Sources */,
				F14395EF2626E6E100C33E55 /* ViewController.swift in Sources */,
				F16399B5262970090083BEFC /* MainPresenter.swift in Sources */,
				F14396502627171E00C33E55 /* MainEndpoint.swift in Sources */,
				F143967126272E4C00C33E55 /* LastEventCell.swift in Sources */,
				F1D3CACE2628B41700ECE513 /* CollectionMainViewModel.swift in Sources */,
				F1439642262713A200C33E55 /* NetworkLayer.swift in Sources */,
				F143968626274DFE00C33E55 /* HelperFunctions.swift in Sources */,
				F14395EB2626E6E100C33E55 /* AppDelegate.swift in Sources */,
				F14396362627128200C33E55 /* Message.swift in Sources */,
				F1D3CAC52628AC0F00ECE513 /* FighterCVDataConverter.swift in Sources */,
				F143967A2627321800C33E55 /* FighterCVCell.swift in Sources */,
				F1439625262710C900C33E55 /* CollectionCellConfigurator.swift in Sources */,
				F1439654262717A000C33E55 /* MainService.swift in Sources */,
				F143965D2627196600C33E55 /* MainInteractor.swift in Sources */,
				F1D3CACB2628AC3A00ECE513 /* MerchCVDataConverter.swift in Sources */,
				F1439681262734EA00C33E55 /* MerchCVCell.swift in Sources */,
				F143963C262712FE00C33E55 /* EndpointProtocol.swift in Sources */,
				F14396462627146700C33E55 /* SessionManagerAndRequest.swift in Sources */,
				F16399C1262994120083BEFC /* MainTVManager.swift in Sources */,
				F1439632262711D100C33E55 /* CellConfigurator.swift in Sources */,
				F143967E262734D400C33E55 /* LastEventCVCell.swift in Sources */,
				F143964B262715FF00C33E55 /* Decoding.swift in Sources */,
				F16399BD26297CDA0083BEFC /* CVDataConverterInput.swift in Sources */,
				F143966326271CD000C33E55 /* TableMainViewModel.swift in Sources */,
				F14395ED2626E6E100C33E55 /* SceneDelegate.swift in Sources */,
				F16399B8262970870083BEFC /* ViewOutput.swift in Sources */,
				F143965A2627182900C33E55 /* MainModel.swift in Sources */,
				F143966E26272E3900C33E55 /* FighterCell.swift in Sources */,
				F143966026271C5E00C33E55 /* DataConverter.swift in Sources */,
				F143962E2627112300C33E55 /* TableCellConfigurator.swift in Sources */,
				F143963F2627135900C33E55 /* NetworkingError.swift in Sources */,
				F143967426272ECB00C33E55 /* MerchCell.swift in Sources */,
				F143961A26270C6E00C33E55 /* R.generated.swift in Sources */,
				F143966A26272E1A00C33E55 /* MainEventCell.swift in Sources */,
			);
			runOnlyForDeploymentPostprocessing = 0;
		};
/* End PBXSourcesBuildPhase section */

/* Begin PBXVariantGroup section */
		F14395F02626E6E100C33E55 /* Main.storyboard */ = {
			isa = PBXVariantGroup;
			children = (
				F14395F12626E6E100C33E55 /* Base */,
			);
			name = Main.storyboard;
			sourceTree = "<group>";
		};
		F14395F52626E6E400C33E55 /* LaunchScreen.storyboard */ = {
			isa = PBXVariantGroup;
			children = (
				F14395F62626E6E400C33E55 /* Base */,
			);
			name = LaunchScreen.storyboard;
			sourceTree = "<group>";
		};
/* End PBXVariantGroup section */

/* Begin XCBuildConfiguration section */
		F14395F92626E6E400C33E55 /* Debug */ = {
			isa = XCBuildConfiguration;
			buildSettings = {
				ALWAYS_SEARCH_USER_PATHS = NO;
				CLANG_ANALYZER_NONNULL = YES;
				CLANG_ANALYZER_NUMBER_OBJECT_CONVERSION = YES_AGGRESSIVE;
				CLANG_CXX_LANGUAGE_STANDARD = "gnu++14";
				CLANG_CXX_LIBRARY = "libc++";
				CLANG_ENABLE_MODULES = YES;
				CLANG_ENABLE_OBJC_ARC = YES;
				CLANG_ENABLE_OBJC_WEAK = YES;
				CLANG_WARN_BLOCK_CAPTURE_AUTORELEASING = YES;
				CLANG_WARN_BOOL_CONVERSION = YES;
				CLANG_WARN_COMMA = YES;
				CLANG_WARN_CONSTANT_CONVERSION = YES;
				CLANG_WARN_DEPRECATED_OBJC_IMPLEMENTATIONS = YES;
				CLANG_WARN_DIRECT_OBJC_ISA_USAGE = YES_ERROR;
				CLANG_WARN_DOCUMENTATION_COMMENTS = YES;
				CLANG_WARN_EMPTY_BODY = YES;
				CLANG_WARN_ENUM_CONVERSION = YES;
				CLANG_WARN_INFINITE_RECURSION = YES;
				CLANG_WARN_INT_CONVERSION = YES;
				CLANG_WARN_NON_LITERAL_NULL_CONVERSION = YES;
				CLANG_WARN_OBJC_IMPLICIT_RETAIN_SELF = YES;
				CLANG_WARN_OBJC_LITERAL_CONVERSION = YES;
				CLANG_WARN_OBJC_ROOT_CLASS = YES_ERROR;
				CLANG_WARN_QUOTED_INCLUDE_IN_FRAMEWORK_HEADER = YES;
				CLANG_WARN_RANGE_LOOP_ANALYSIS = YES;
				CLANG_WARN_STRICT_PROTOTYPES = YES;
				CLANG_WARN_SUSPICIOUS_MOVE = YES;
				CLANG_WARN_UNGUARDED_AVAILABILITY = YES_AGGRESSIVE;
				CLANG_WARN_UNREACHABLE_CODE = YES;
				CLANG_WARN__DUPLICATE_METHOD_MATCH = YES;
				COPY_PHASE_STRIP = NO;
				DEBUG_INFORMATION_FORMAT = dwarf;
				ENABLE_STRICT_OBJC_MSGSEND = YES;
				ENABLE_TESTABILITY = YES;
				GCC_C_LANGUAGE_STANDARD = gnu11;
				GCC_DYNAMIC_NO_PIC = NO;
				GCC_NO_COMMON_BLOCKS = YES;
				GCC_OPTIMIZATION_LEVEL = 0;
				GCC_PREPROCESSOR_DEFINITIONS = (
					"DEBUG=1",
					"$(inherited)",
				);
				GCC_WARN_64_TO_32_BIT_CONVERSION = YES;
				GCC_WARN_ABOUT_RETURN_TYPE = YES_ERROR;
				GCC_WARN_UNDECLARED_SELECTOR = YES;
				GCC_WARN_UNINITIALIZED_AUTOS = YES_AGGRESSIVE;
				GCC_WARN_UNUSED_FUNCTION = YES;
				GCC_WARN_UNUSED_VARIABLE = YES;
				IPHONEOS_DEPLOYMENT_TARGET = 14.4;
				MTL_ENABLE_DEBUG_INFO = INCLUDE_SOURCE;
				MTL_FAST_MATH = YES;
				ONLY_ACTIVE_ARCH = YES;
				SDKROOT = iphoneos;
				SWIFT_ACTIVE_COMPILATION_CONDITIONS = DEBUG;
				SWIFT_OPTIMIZATION_LEVEL = "-Onone";
			};
			name = Debug;
		};
		F14395FA2626E6E400C33E55 /* Release */ = {
			isa = XCBuildConfiguration;
			buildSettings = {
				ALWAYS_SEARCH_USER_PATHS = NO;
				CLANG_ANALYZER_NONNULL = YES;
				CLANG_ANALYZER_NUMBER_OBJECT_CONVERSION = YES_AGGRESSIVE;
				CLANG_CXX_LANGUAGE_STANDARD = "gnu++14";
				CLANG_CXX_LIBRARY = "libc++";
				CLANG_ENABLE_MODULES = YES;
				CLANG_ENABLE_OBJC_ARC = YES;
				CLANG_ENABLE_OBJC_WEAK = YES;
				CLANG_WARN_BLOCK_CAPTURE_AUTORELEASING = YES;
				CLANG_WARN_BOOL_CONVERSION = YES;
				CLANG_WARN_COMMA = YES;
				CLANG_WARN_CONSTANT_CONVERSION = YES;
				CLANG_WARN_DEPRECATED_OBJC_IMPLEMENTATIONS = YES;
				CLANG_WARN_DIRECT_OBJC_ISA_USAGE = YES_ERROR;
				CLANG_WARN_DOCUMENTATION_COMMENTS = YES;
				CLANG_WARN_EMPTY_BODY = YES;
				CLANG_WARN_ENUM_CONVERSION = YES;
				CLANG_WARN_INFINITE_RECURSION = YES;
				CLANG_WARN_INT_CONVERSION = YES;
				CLANG_WARN_NON_LITERAL_NULL_CONVERSION = YES;
				CLANG_WARN_OBJC_IMPLICIT_RETAIN_SELF = YES;
				CLANG_WARN_OBJC_LITERAL_CONVERSION = YES;
				CLANG_WARN_OBJC_ROOT_CLASS = YES_ERROR;
				CLANG_WARN_QUOTED_INCLUDE_IN_FRAMEWORK_HEADER = YES;
				CLANG_WARN_RANGE_LOOP_ANALYSIS = YES;
				CLANG_WARN_STRICT_PROTOTYPES = YES;
				CLANG_WARN_SUSPICIOUS_MOVE = YES;
				CLANG_WARN_UNGUARDED_AVAILABILITY = YES_AGGRESSIVE;
				CLANG_WARN_UNREACHABLE_CODE = YES;
				CLANG_WARN__DUPLICATE_METHOD_MATCH = YES;
				COPY_PHASE_STRIP = NO;
				DEBUG_INFORMATION_FORMAT = "dwarf-with-dsym";
				ENABLE_NS_ASSERTIONS = NO;
				ENABLE_STRICT_OBJC_MSGSEND = YES;
				GCC_C_LANGUAGE_STANDARD = gnu11;
				GCC_NO_COMMON_BLOCKS = YES;
				GCC_WARN_64_TO_32_BIT_CONVERSION = YES;
				GCC_WARN_ABOUT_RETURN_TYPE = YES_ERROR;
				GCC_WARN_UNDECLARED_SELECTOR = YES;
				GCC_WARN_UNINITIALIZED_AUTOS = YES_AGGRESSIVE;
				GCC_WARN_UNUSED_FUNCTION = YES;
				GCC_WARN_UNUSED_VARIABLE = YES;
				IPHONEOS_DEPLOYMENT_TARGET = 14.4;
				MTL_ENABLE_DEBUG_INFO = NO;
				MTL_FAST_MATH = YES;
				SDKROOT = iphoneos;
				SWIFT_COMPILATION_MODE = wholemodule;
				SWIFT_OPTIMIZATION_LEVEL = "-O";
				VALIDATE_PRODUCT = YES;
			};
			name = Release;
		};
		F14395FC2626E6E400C33E55 /* Debug */ = {
			isa = XCBuildConfiguration;
			buildSettings = {
				ASSETCATALOG_COMPILER_APPICON_NAME = AppIcon;
				ASSETCATALOG_COMPILER_GLOBAL_ACCENT_COLOR_NAME = AccentColor;
				CODE_SIGN_STYLE = Automatic;
				DEVELOPMENT_TEAM = X6SLU75GM8;
				INFOPLIST_FILE = ViperStart/Info.plist;
				LD_RUNPATH_SEARCH_PATHS = (
					"$(inherited)",
					"@executable_path/Frameworks",
				);
				PRODUCT_BUNDLE_IDENTIFIER = test.ViperStart;
				PRODUCT_NAME = "$(TARGET_NAME)";
				SWIFT_VERSION = 5.0;
				TARGETED_DEVICE_FAMILY = "1,2";
			};
			name = Debug;
		};
		F14395FD2626E6E400C33E55 /* Release */ = {
			isa = XCBuildConfiguration;
			buildSettings = {
				ASSETCATALOG_COMPILER_APPICON_NAME = AppIcon;
				ASSETCATALOG_COMPILER_GLOBAL_ACCENT_COLOR_NAME = AccentColor;
				CODE_SIGN_STYLE = Automatic;
				DEVELOPMENT_TEAM = X6SLU75GM8;
				INFOPLIST_FILE = ViperStart/Info.plist;
				LD_RUNPATH_SEARCH_PATHS = (
					"$(inherited)",
					"@executable_path/Frameworks",
				);
				PRODUCT_BUNDLE_IDENTIFIER = test.ViperStart;
				PRODUCT_NAME = "$(TARGET_NAME)";
				SWIFT_VERSION = 5.0;
				TARGETED_DEVICE_FAMILY = "1,2";
			};
			name = Release;
		};
/* End XCBuildConfiguration section */

/* Begin XCConfigurationList section */
		F14395E22626E6E100C33E55 /* Build configuration list for PBXProject "ViperStart" */ = {
			isa = XCConfigurationList;
			buildConfigurations = (
				F14395F92626E6E400C33E55 /* Debug */,
				F14395FA2626E6E400C33E55 /* Release */,
			);
			defaultConfigurationIsVisible = 0;
			defaultConfigurationName = Release;
		};
		F14395FB2626E6E400C33E55 /* Build configuration list for PBXNativeTarget "ViperStart" */ = {
			isa = XCConfigurationList;
			buildConfigurations = (
				F14395FC2626E6E400C33E55 /* Debug */,
				F14395FD2626E6E400C33E55 /* Release */,
			);
			defaultConfigurationIsVisible = 0;
			defaultConfigurationName = Release;
		};
/* End XCConfigurationList section */

/* Begin XCRemoteSwiftPackageReference section */
		F14395FF2626EC1600C33E55 /* XCRemoteSwiftPackageReference "Alamofire" */ = {
			isa = XCRemoteSwiftPackageReference;
			repositoryURL = "https://github.com/Alamofire/Alamofire.git";
			requirement = {
				kind = upToNextMajorVersion;
				minimumVersion = 5.4.2;
			};
		};
		F14396032626EC3000C33E55 /* XCRemoteSwiftPackageReference "R.swift" */ = {
			isa = XCRemoteSwiftPackageReference;
			repositoryURL = "https://github.com/mac-cain13/R.swift.Library";
			requirement = {
				kind = upToNextMajorVersion;
				minimumVersion = 5.4.0;
			};
		};
		F14396072626EC4800C33E55 /* XCRemoteSwiftPackageReference "SDWebImage" */ = {
			isa = XCRemoteSwiftPackageReference;
			repositoryURL = "https://github.com/SDWebImage/SDWebImage.git";
			requirement = {
				kind = upToNextMajorVersion;
				minimumVersion = 5.11.0;
			};
		};
		F143960B2626EC6200C33E55 /* XCRemoteSwiftPackageReference "RxSwift" */ = {
			isa = XCRemoteSwiftPackageReference;
			repositoryURL = "https://github.com/ReactiveX/RxSwift.git";
			requirement = {
				kind = upToNextMajorVersion;
				minimumVersion = 6.1.0;
			};
		};
		F14396112626ECB300C33E55 /* XCRemoteSwiftPackageReference "FittedSheets" */ = {
			isa = XCRemoteSwiftPackageReference;
			repositoryURL = "https://github.com/gordontucker/FittedSheets.git";
			requirement = {
				kind = upToNextMajorVersion;
				minimumVersion = 2.4.0;
			};
		};
/* End XCRemoteSwiftPackageReference section */

/* Begin XCSwiftPackageProductDependency section */
		F14396002626EC1600C33E55 /* Alamofire */ = {
			isa = XCSwiftPackageProductDependency;
			package = F14395FF2626EC1600C33E55 /* XCRemoteSwiftPackageReference "Alamofire" */;
			productName = Alamofire;
		};
		F14396042626EC3000C33E55 /* Rswift */ = {
			isa = XCSwiftPackageProductDependency;
			package = F14396032626EC3000C33E55 /* XCRemoteSwiftPackageReference "R.swift" */;
			productName = Rswift;
		};
		F14396082626EC4800C33E55 /* SDWebImage */ = {
			isa = XCSwiftPackageProductDependency;
			package = F14396072626EC4800C33E55 /* XCRemoteSwiftPackageReference "SDWebImage" */;
			productName = SDWebImage;
		};
		F143960C2626EC6200C33E55 /* RxSwift */ = {
			isa = XCSwiftPackageProductDependency;
			package = F143960B2626EC6200C33E55 /* XCRemoteSwiftPackageReference "RxSwift" */;
			productName = RxSwift;
		};
		F143960E2626EC6200C33E55 /* RxCocoa */ = {
			isa = XCSwiftPackageProductDependency;
			package = F143960B2626EC6200C33E55 /* XCRemoteSwiftPackageReference "RxSwift" */;
			productName = RxCocoa;
		};
		F14396122626ECB300C33E55 /* FittedSheets */ = {
			isa = XCSwiftPackageProductDependency;
			package = F14396112626ECB300C33E55 /* XCRemoteSwiftPackageReference "FittedSheets" */;
			productName = FittedSheets;
		};
/* End XCSwiftPackageProductDependency section */
	};
	rootObject = F14395DF2626E6E100C33E55 /* Project object */;
}
